// !$*UTF8*$!
{
	archiveVersion = 1;
	classes = {
	};
	objectVersion = 56;
	objects = {

/* Begin PBXBuildFile section */
		B05BE8912D8D6F330067F601 /* AppDelegate.swift in Sources */ = {isa = PBXBuildFile; fileRef = B05BE8902D8D6F330067F601 /* AppDelegate.swift */; };
		B05BE8932D8D6F330067F601 /* SceneDelegate.swift in Sources */ = {isa = PBXBuildFile; fileRef = B05BE8922D8D6F330067F601 /* SceneDelegate.swift */; };
		B05BE8952D8D6F330067F601 /* AuthViewController.swift in Sources */ = {isa = PBXBuildFile; fileRef = B05BE8942D8D6F330067F601 /* AuthViewController.swift */; };
		B05BE89A2D8D6F370067F601 /* Assets.xcassets in Resources */ = {isa = PBXBuildFile; fileRef = B05BE8992D8D6F370067F601 /* Assets.xcassets */; };
		B05BE89D2D8D6F370067F601 /* LaunchScreen.storyboard in Resources */ = {isa = PBXBuildFile; fileRef = B05BE89B2D8D6F370067F601 /* LaunchScreen.storyboard */; };
		B05BE8A92D8D71900067F601 /* NewsViewController.swift in Sources */ = {isa = PBXBuildFile; fileRef = B05BE8A82D8D71900067F601 /* NewsViewController.swift */; };
		B05BE8AB2D8D71A60067F601 /* DetailViewController.swift in Sources */ = {isa = PBXBuildFile; fileRef = B05BE8AA2D8D71A60067F601 /* DetailViewController.swift */; };
		B05BE8AD2D8D71C00067F601 /* News.swift in Sources */ = {isa = PBXBuildFile; fileRef = B05BE8AC2D8D71C00067F601 /* News.swift */; };
		B05BE8B02D8D72CD0067F601 /* Kingfisher in Frameworks */ = {isa = PBXBuildFile; productRef = B05BE8AF2D8D72CD0067F601 /* Kingfisher */; };
		B05BE8B32D8D72F30067F601 /* ProgressHUD in Frameworks */ = {isa = PBXBuildFile; productRef = B05BE8B22D8D72F30067F601 /* ProgressHUD */; };
		B05BE8B52D8D737F0067F601 /* NewsCell.swift in Sources */ = {isa = PBXBuildFile; fileRef = B05BE8B42D8D737F0067F601 /* NewsCell.swift */; };
		B05BE8B72D8D7C150067F601 /* NetworkingConstants.swift in Sources */ = {isa = PBXBuildFile; fileRef = B05BE8B62D8D7C150067F601 /* NetworkingConstants.swift */; };
		B05BE8BF2D8D7F120067F601 /* Alamofire in Frameworks */ = {isa = PBXBuildFile; productRef = B05BE8BE2D8D7F120067F601 /* Alamofire */; };
		B05BE8C12D8D7F120067F601 /* AlamofireDynamic in Frameworks */ = {isa = PBXBuildFile; productRef = B05BE8C02D8D7F120067F601 /* AlamofireDynamic */; };
/* End PBXBuildFile section */

/* Begin PBXFileReference section */
		B05BE88D2D8D6F330067F601 /* NewsApp.app */ = {isa = PBXFileReference; explicitFileType = wrapper.application; includeInIndex = 0; path = NewsApp.app; sourceTree = BUILT_PRODUCTS_DIR; };
		B05BE8902D8D6F330067F601 /* AppDelegate.swift */ = {isa = PBXFileReference; lastKnownFileType = sourcecode.swift; path = AppDelegate.swift; sourceTree = "<group>"; };
		B05BE8922D8D6F330067F601 /* SceneDelegate.swift */ = {isa = PBXFileReference; lastKnownFileType = sourcecode.swift; path = SceneDelegate.swift; sourceTree = "<group>"; };
		B05BE8942D8D6F330067F601 /* AuthViewController.swift */ = {isa = PBXFileReference; lastKnownFileType = sourcecode.swift; path = AuthViewController.swift; sourceTree = "<group>"; };
		B05BE8992D8D6F370067F601 /* Assets.xcassets */ = {isa = PBXFileReference; lastKnownFileType = folder.assetcatalog; path = Assets.xcassets; sourceTree = "<group>"; };
		B05BE89C2D8D6F370067F601 /* Base */ = {isa = PBXFileReference; lastKnownFileType = file.storyboard; name = Base; path = Base.lproj/LaunchScreen.storyboard; sourceTree = "<group>"; };
		B05BE89E2D8D6F370067F601 /* Info.plist */ = {isa = PBXFileReference; lastKnownFileType = text.plist.xml; path = Info.plist; sourceTree = "<group>"; };
		B05BE8A82D8D71900067F601 /* NewsViewController.swift */ = {isa = PBXFileReference; lastKnownFileType = sourcecode.swift; path = NewsViewController.swift; sourceTree = "<group>"; };
		B05BE8AA2D8D71A60067F601 /* DetailViewController.swift */ = {isa = PBXFileReference; lastKnownFileType = sourcecode.swift; path = DetailViewController.swift; sourceTree = "<group>"; };
		B05BE8AC2D8D71C00067F601 /* News.swift */ = {isa = PBXFileReference; lastKnownFileType = sourcecode.swift; path = News.swift; sourceTree = "<group>"; };
		B05BE8B42D8D737F0067F601 /* NewsCell.swift */ = {isa = PBXFileReference; lastKnownFileType = sourcecode.swift; path = NewsCell.swift; sourceTree = "<group>"; };
		B05BE8B62D8D7C150067F601 /* NetworkingConstants.swift */ = {isa = PBXFileReference; lastKnownFileType = sourcecode.swift; path = NetworkingConstants.swift; sourceTree = "<group>"; };
/* End PBXFileReference section */

/* Begin PBXFrameworksBuildPhase section */
		B05BE88A2D8D6F330067F601 /* Frameworks */ = {
			isa = PBXFrameworksBuildPhase;
			buildActionMask = 2147483647;
			files = (
				B05BE8BF2D8D7F120067F601 /* Alamofire in Frameworks */,
				B05BE8C12D8D7F120067F601 /* AlamofireDynamic in Frameworks */,
				B05BE8B02D8D72CD0067F601 /* Kingfisher in Frameworks */,
				B05BE8B32D8D72F30067F601 /* ProgressHUD in Frameworks */,
			);
			runOnlyForDeploymentPostprocessing = 0;
		};
/* End PBXFrameworksBuildPhase section */

/* Begin PBXGroup section */
		B05BE8842D8D6F330067F601 = {
			isa = PBXGroup;
			children = (
				B05BE88F2D8D6F330067F601 /* NewsApp */,
				B05BE88E2D8D6F330067F601 /* Products */,
			);
			sourceTree = "<group>";
		};
		B05BE88E2D8D6F330067F601 /* Products */ = {
			isa = PBXGroup;
			children = (
				B05BE88D2D8D6F330067F601 /* NewsApp.app */,
			);
			name = Products;
			sourceTree = "<group>";
		};
		B05BE88F2D8D6F330067F601 /* NewsApp */ = {
			isa = PBXGroup;
			children = (
				B05BE8A52D8D715F0067F601 /* Controllers */,
				B05BE8A42D8D714D0067F601 /* Models */,
				B05BE8A62D8D71670067F601 /* Services */,
				B05BE8902D8D6F330067F601 /* AppDelegate.swift */,
				B05BE8922D8D6F330067F601 /* SceneDelegate.swift */,
				B05BE8992D8D6F370067F601 /* Assets.xcassets */,
				B05BE89B2D8D6F370067F601 /* LaunchScreen.storyboard */,
				B05BE89E2D8D6F370067F601 /* Info.plist */,
			);
			path = NewsApp;
			sourceTree = "<group>";
		};
		B05BE8A42D8D714D0067F601 /* Models */ = {
			isa = PBXGroup;
			children = (
				B05BE8AC2D8D71C00067F601 /* News.swift */,
			);
			path = Models;
			sourceTree = "<group>";
		};
		B05BE8A52D8D715F0067F601 /* Controllers */ = {
			isa = PBXGroup;
			children = (
				B05BE8942D8D6F330067F601 /* AuthViewController.swift */,
				B05BE8A82D8D71900067F601 /* NewsViewController.swift */,
				B05BE8AA2D8D71A60067F601 /* DetailViewController.swift */,
			);
			path = Controllers;
			sourceTree = "<group>";
		};
		B05BE8A62D8D71670067F601 /* Services */ = {
			isa = PBXGroup;
			children = (
				B05BE8B82D8D7CA60067F601 /* Networking */,
				B05BE8B42D8D737F0067F601 /* NewsCell.swift */,
			);
			path = Services;
			sourceTree = "<group>";
		};
		B05BE8B82D8D7CA60067F601 /* Networking */ = {
			isa = PBXGroup;
			children = (
				B05BE8B62D8D7C150067F601 /* NetworkingConstants.swift */,
			);
			path = Networking;
			sourceTree = "<group>";
		};
/* End PBXGroup section */

/* Begin PBXNativeTarget section */
		B05BE88C2D8D6F330067F601 /* NewsApp */ = {
			isa = PBXNativeTarget;
			buildConfigurationList = B05BE8A12D8D6F370067F601 /* Build configuration list for PBXNativeTarget "NewsApp" */;
			buildPhases = (
				B05BE8892D8D6F330067F601 /* Sources */,
				B05BE88A2D8D6F330067F601 /* Frameworks */,
				B05BE88B2D8D6F330067F601 /* Resources */,
			);
			buildRules = (
			);
			dependencies = (
			);
			name = NewsApp;
			packageProductDependencies = (
				B05BE8AF2D8D72CD0067F601 /* Kingfisher */,
				B05BE8B22D8D72F30067F601 /* ProgressHUD */,
				B05BE8BE2D8D7F120067F601 /* Alamofire */,
				B05BE8C02D8D7F120067F601 /* AlamofireDynamic */,
			);
			productName = NewsApp;
			productReference = B05BE88D2D8D6F330067F601 /* NewsApp.app */;
			productType = "com.apple.product-type.application";
		};
/* End PBXNativeTarget section */

/* Begin PBXProject section */
		B05BE8852D8D6F330067F601 /* Project object */ = {
			isa = PBXProject;
			attributes = {
				BuildIndependentTargetsInParallel = 1;
				LastSwiftUpdateCheck = 1510;
				LastUpgradeCheck = 1510;
				TargetAttributes = {
					B05BE88C2D8D6F330067F601 = {
						CreatedOnToolsVersion = 15.1;
					};
				};
			};
			buildConfigurationList = B05BE8882D8D6F330067F601 /* Build configuration list for PBXProject "NewsApp" */;
			compatibilityVersion = "Xcode 14.0";
			developmentRegion = en;
			hasScannedForEncodings = 0;
			knownRegions = (
				en,
				Base,
			);
			mainGroup = B05BE8842D8D6F330067F601;
			packageReferences = (
				B05BE8AE2D8D72CD0067F601 /* XCRemoteSwiftPackageReference "Kingfisher" */,
				B05BE8B12D8D72F30067F601 /* XCRemoteSwiftPackageReference "ProgressHUD" */,
				B05BE8BD2D8D7F120067F601 /* XCRemoteSwiftPackageReference "Alamofire" */,
			);
			productRefGroup = B05BE88E2D8D6F330067F601 /* Products */;
			projectDirPath = "";
			projectRoot = "";
			targets = (
				B05BE88C2D8D6F330067F601 /* NewsApp */,
			);
		};
/* End PBXProject section */

/* Begin PBXResourcesBuildPhase section */
		B05BE88B2D8D6F330067F601 /* Resources */ = {
			isa = PBXResourcesBuildPhase;
			buildActionMask = 2147483647;
			files = (
				B05BE89D2D8D6F370067F601 /* LaunchScreen.storyboard in Resources */,
				B05BE89A2D8D6F370067F601 /* Assets.xcassets in Resources */,
			);
			runOnlyForDeploymentPostprocessing = 0;
		};
/* End PBXResourcesBuildPhase section */

/* Begin PBXSourcesBuildPhase section */
		B05BE8892D8D6F330067F601 /* Sources */ = {
			isa = PBXSourcesBuildPhase;
			buildActionMask = 2147483647;
			files = (
				B05BE8AD2D8D71C00067F601 /* News.swift in Sources */,
				B05BE8B72D8D7C150067F601 /* NetworkingConstants.swift in Sources */,
				B05BE8952D8D6F330067F601 /* AuthViewController.swift in Sources */,
				B05BE8912D8D6F330067F601 /* AppDelegate.swift in Sources */,
				B05BE8B52D8D737F0067F601 /* NewsCell.swift in Sources */,
				B05BE8AB2D8D71A60067F601 /* DetailViewController.swift in Sources */,
				B05BE8932D8D6F330067F601 /* SceneDelegate.swift in Sources */,
				B05BE8A92D8D71900067F601 /* NewsViewController.swift in Sources */,
			);
			runOnlyForDeploymentPostprocessing = 0;
		};
/* End PBXSourcesBuildPhase section */

/* Begin PBXVariantGroup section */
		B05BE89B2D8D6F370067F601 /* LaunchScreen.storyboard */ = {
			isa = PBXVariantGroup;
			children = (
				B05BE89C2D8D6F370067F601 /* Base */,
			);
			name = LaunchScreen.storyboard;
			sourceTree = "<group>";
		};
/* End PBXVariantGroup section */

/* Begin XCBuildConfiguration section */
		B05BE89F2D8D6F370067F601 /* Debug */ = {
			isa = XCBuildConfiguration;
			buildSettings = {
				ALWAYS_SEARCH_USER_PATHS = NO;
				ASSETCATALOG_COMPILER_GENERATE_SWIFT_ASSET_SYMBOL_EXTENSIONS = YES;
				CLANG_ANALYZER_NONNULL = YES;
				CLANG_ANALYZER_NUMBER_OBJECT_CONVERSION = YES_AGGRESSIVE;
				CLANG_CXX_LANGUAGE_STANDARD = "gnu++20";
				CLANG_ENABLE_MODULES = YES;
				CLANG_ENABLE_OBJC_ARC = YES;
				CLANG_ENABLE_OBJC_WEAK = YES;
				CLANG_WARN_BLOCK_CAPTURE_AUTORELEASING = YES;
				CLANG_WARN_BOOL_CONVERSION = YES;
				CLANG_WARN_COMMA = YES;
				CLANG_WARN_CONSTANT_CONVERSION = YES;
				CLANG_WARN_DEPRECATED_OBJC_IMPLEMENTATIONS = YES;
				CLANG_WARN_DIRECT_OBJC_ISA_USAGE = YES_ERROR;
				CLANG_WARN_DOCUMENTATION_COMMENTS = YES;
				CLANG_WARN_EMPTY_BODY = YES;
				CLANG_WARN_ENUM_CONVERSION = YES;
				CLANG_WARN_INFINITE_RECURSION = YES;
				CLANG_WARN_INT_CONVERSION = YES;
				CLANG_WARN_NON_LITERAL_NULL_CONVERSION = YES;
				CLANG_WARN_OBJC_IMPLICIT_RETAIN_SELF = YES;
				CLANG_WARN_OBJC_LITERAL_CONVERSION = YES;
				CLANG_WARN_OBJC_ROOT_CLASS = YES_ERROR;
				CLANG_WARN_QUOTED_INCLUDE_IN_FRAMEWORK_HEADER = YES;
				CLANG_WARN_RANGE_LOOP_ANALYSIS = YES;
				CLANG_WARN_STRICT_PROTOTYPES = YES;
				CLANG_WARN_SUSPICIOUS_MOVE = YES;
				CLANG_WARN_UNGUARDED_AVAILABILITY = YES_AGGRESSIVE;
				CLANG_WARN_UNREACHABLE_CODE = YES;
				CLANG_WARN__DUPLICATE_METHOD_MATCH = YES;
				COPY_PHASE_STRIP = NO;
				DEBUG_INFORMATION_FORMAT = dwarf;
				ENABLE_STRICT_OBJC_MSGSEND = YES;
				ENABLE_TESTABILITY = YES;
				ENABLE_USER_SCRIPT_SANDBOXING = YES;
				GCC_C_LANGUAGE_STANDARD = gnu17;
				GCC_DYNAMIC_NO_PIC = NO;
				GCC_NO_COMMON_BLOCKS = YES;
				GCC_OPTIMIZATION_LEVEL = 0;
				GCC_PREPROCESSOR_DEFINITIONS = (
					"DEBUG=1",
					"$(inherited)",
				);
				GCC_WARN_64_TO_32_BIT_CONVERSION = YES;
				GCC_WARN_ABOUT_RETURN_TYPE = YES_ERROR;
				GCC_WARN_UNDECLARED_SELECTOR = YES;
				GCC_WARN_UNINITIALIZED_AUTOS = YES_AGGRESSIVE;
				GCC_WARN_UNUSED_FUNCTION = YES;
				GCC_WARN_UNUSED_VARIABLE = YES;
				IPHONEOS_DEPLOYMENT_TARGET = 17.2;
				LOCALIZATION_PREFERS_STRING_CATALOGS = YES;
				MTL_ENABLE_DEBUG_INFO = INCLUDE_SOURCE;
				MTL_FAST_MATH = YES;
				ONLY_ACTIVE_ARCH = YES;
				SDKROOT = iphoneos;
				SWIFT_ACTIVE_COMPILATION_CONDITIONS = "DEBUG $(inherited)";
				SWIFT_OPTIMIZATION_LEVEL = "-Onone";
			};
			name = Debug;
		};
		B05BE8A02D8D6F370067F601 /* Release */ = {
			isa = XCBuildConfiguration;
			buildSettings = {
				ALWAYS_SEARCH_USER_PATHS = NO;
				ASSETCATALOG_COMPILER_GENERATE_SWIFT_ASSET_SYMBOL_EXTENSIONS = YES;
				CLANG_ANALYZER_NONNULL = YES;
				CLANG_ANALYZER_NUMBER_OBJECT_CONVERSION = YES_AGGRESSIVE;
				CLANG_CXX_LANGUAGE_STANDARD = "gnu++20";
				CLANG_ENABLE_MODULES = YES;
				CLANG_ENABLE_OBJC_ARC = YES;
				CLANG_ENABLE_OBJC_WEAK = YES;
				CLANG_WARN_BLOCK_CAPTURE_AUTORELEASING = YES;
				CLANG_WARN_BOOL_CONVERSION = YES;
				CLANG_WARN_COMMA = YES;
				CLANG_WARN_CONSTANT_CONVERSION = YES;
				CLANG_WARN_DEPRECATED_OBJC_IMPLEMENTATIONS = YES;
				CLANG_WARN_DIRECT_OBJC_ISA_USAGE = YES_ERROR;
				CLANG_WARN_DOCUMENTATION_COMMENTS = YES;
				CLANG_WARN_EMPTY_BODY = YES;
				CLANG_WARN_ENUM_CONVERSION = YES;
				CLANG_WARN_INFINITE_RECURSION = YES;
				CLANG_WARN_INT_CONVERSION = YES;
				CLANG_WARN_NON_LITERAL_NULL_CONVERSION = YES;
				CLANG_WARN_OBJC_IMPLICIT_RETAIN_SELF = YES;
				CLANG_WARN_OBJC_LITERAL_CONVERSION = YES;
				CLANG_WARN_OBJC_ROOT_CLASS = YES_ERROR;
				CLANG_WARN_QUOTED_INCLUDE_IN_FRAMEWORK_HEADER = YES;
				CLANG_WARN_RANGE_LOOP_ANALYSIS = YES;
				CLANG_WARN_STRICT_PROTOTYPES = YES;
				CLANG_WARN_SUSPICIOUS_MOVE = YES;
				CLANG_WARN_UNGUARDED_AVAILABILITY = YES_AGGRESSIVE;
				CLANG_WARN_UNREACHABLE_CODE = YES;
				CLANG_WARN__DUPLICATE_METHOD_MATCH = YES;
				COPY_PHASE_STRIP = NO;
				DEBUG_INFORMATION_FORMAT = "dwarf-with-dsym";
				ENABLE_NS_ASSERTIONS = NO;
				ENABLE_STRICT_OBJC_MSGSEND = YES;
				ENABLE_USER_SCRIPT_SANDBOXING = YES;
				GCC_C_LANGUAGE_STANDARD = gnu17;
				GCC_NO_COMMON_BLOCKS = YES;
				GCC_WARN_64_TO_32_BIT_CONVERSION = YES;
				GCC_WARN_ABOUT_RETURN_TYPE = YES_ERROR;
				GCC_WARN_UNDECLARED_SELECTOR = YES;
				GCC_WARN_UNINITIALIZED_AUTOS = YES_AGGRESSIVE;
				GCC_WARN_UNUSED_FUNCTION = YES;
				GCC_WARN_UNUSED_VARIABLE = YES;
				IPHONEOS_DEPLOYMENT_TARGET = 17.2;
				LOCALIZATION_PREFERS_STRING_CATALOGS = YES;
				MTL_ENABLE_DEBUG_INFO = NO;
				MTL_FAST_MATH = YES;
				SDKROOT = iphoneos;
				SWIFT_COMPILATION_MODE = wholemodule;
				VALIDATE_PRODUCT = YES;
			};
			name = Release;
		};
		B05BE8A22D8D6F370067F601 /* Debug */ = {
			isa = XCBuildConfiguration;
			buildSettings = {
				ASSETCATALOG_COMPILER_APPICON_NAME = AppIcon;
				ASSETCATALOG_COMPILER_GLOBAL_ACCENT_COLOR_NAME = AccentColor;
				CODE_SIGN_STYLE = Automatic;
				CURRENT_PROJECT_VERSION = 1;
				DEVELOPMENT_TEAM = ZA635WC7L2;
				GENERATE_INFOPLIST_FILE = YES;
				INFOPLIST_FILE = NewsApp/Info.plist;
				INFOPLIST_KEY_UIApplicationSupportsIndirectInputEvents = YES;
				INFOPLIST_KEY_UILaunchStoryboardName = LaunchScreen;
				INFOPLIST_KEY_UISupportedInterfaceOrientations_iPad = "UIInterfaceOrientationPortrait UIInterfaceOrientationPortraitUpsideDown UIInterfaceOrientationLandscapeLeft UIInterfaceOrientationLandscapeRight";
				INFOPLIST_KEY_UISupportedInterfaceOrientations_iPhone = "UIInterfaceOrientationPortrait UIInterfaceOrientationLandscapeLeft UIInterfaceOrientationLandscapeRight";
				LD_RUNPATH_SEARCH_PATHS = (
					"$(inherited)",
					"@executable_path/Frameworks",
				);
				MARKETING_VERSION = 1.0;
				PRODUCT_BUNDLE_IDENTIFIER = com.gor9an.NewsApp;
				PRODUCT_NAME = "$(TARGET_NAME)";
				SWIFT_EMIT_LOC_STRINGS = YES;
				SWIFT_VERSION = 5.0;
				TARGETED_DEVICE_FAMILY = "1,2";
			};
			name = Debug;
		};
		B05BE8A32D8D6F370067F601 /* Release */ = {
			isa = XCBuildConfiguration;
			buildSettings = {
				ASSETCATALOG_COMPILER_APPICON_NAME = AppIcon;
				ASSETCATALOG_COMPILER_GLOBAL_ACCENT_COLOR_NAME = AccentColor;
				CODE_SIGN_STYLE = Automatic;
				CURRENT_PROJECT_VERSION = 1;
				DEVELOPMENT_TEAM = ZA635WC7L2;
				GENERATE_INFOPLIST_FILE = YES;
				INFOPLIST_FILE = NewsApp/Info.plist;
				INFOPLIST_KEY_UIApplicationSupportsIndirectInputEvents = YES;
				INFOPLIST_KEY_UILaunchStoryboardName = LaunchScreen;
				INFOPLIST_KEY_UISupportedInterfaceOrientations_iPad = "UIInterfaceOrientationPortrait UIInterfaceOrientationPortraitUpsideDown UIInterfaceOrientationLandscapeLeft UIInterfaceOrientationLandscapeRight";
				INFOPLIST_KEY_UISupportedInterfaceOrientations_iPhone = "UIInterfaceOrientationPortrait UIInterfaceOrientationLandscapeLeft UIInterfaceOrientationLandscapeRight";
				LD_RUNPATH_SEARCH_PATHS = (
					"$(inherited)",
					"@executable_path/Frameworks",
				);
				MARKETING_VERSION = 1.0;
				PRODUCT_BUNDLE_IDENTIFIER = com.gor9an.NewsApp;
				PRODUCT_NAME = "$(TARGET_NAME)";
				SWIFT_EMIT_LOC_STRINGS = YES;
				SWIFT_VERSION = 5.0;
				TARGETED_DEVICE_FAMILY = "1,2";
			};
			name = Release;
		};
/* End XCBuildConfiguration section */

/* Begin XCConfigurationList section */
		B05BE8882D8D6F330067F601 /* Build configuration list for PBXProject "NewsApp" */ = {
			isa = XCConfigurationList;
			buildConfigurations = (
				B05BE89F2D8D6F370067F601 /* Debug */,
				B05BE8A02D8D6F370067F601 /* Release */,
			);
			defaultConfigurationIsVisible = 0;
			defaultConfigurationName = Release;
		};
		B05BE8A12D8D6F370067F601 /* Build configuration list for PBXNativeTarget "NewsApp" */ = {
			isa = XCConfigurationList;
			buildConfigurations = (
				B05BE8A22D8D6F370067F601 /* Debug */,
				B05BE8A32D8D6F370067F601 /* Release */,
			);
			defaultConfigurationIsVisible = 0;
			defaultConfigurationName = Release;
		};
/* End XCConfigurationList section */

/* Begin XCRemoteSwiftPackageReference section */
		B05BE8AE2D8D72CD0067F601 /* XCRemoteSwiftPackageReference "Kingfisher" */ = {
			isa = XCRemoteSwiftPackageReference;
			repositoryURL = "https://github.com/onevcat/Kingfisher";
			requirement = {
				kind = upToNextMajorVersion;
				minimumVersion = 8.3.1;
			};
		};
		B05BE8B12D8D72F30067F601 /* XCRemoteSwiftPackageReference "ProgressHUD" */ = {
			isa = XCRemoteSwiftPackageReference;
			repositoryURL = "https://github.com/relatedcode/ProgressHUD";
			requirement = {
				kind = upToNextMajorVersion;
				minimumVersion = 14.1.3;
			};
		};
		B05BE8BD2D8D7F120067F601 /* XCRemoteSwiftPackageReference "Alamofire" */ = {
			isa = XCRemoteSwiftPackageReference;
			repositoryURL = "https://github.com/Alamofire/Alamofire";
			requirement = {
				kind = upToNextMajorVersion;
				minimumVersion = 5.10.2;
			};
		};
/* End XCRemoteSwiftPackageReference section */

/* Begin XCSwiftPackageProductDependency section */
		B05BE8AF2D8D72CD0067F601 /* Kingfisher */ = {
			isa = XCSwiftPackageProductDependency;
			package = B05BE8AE2D8D72CD0067F601 /* XCRemoteSwiftPackageReference "Kingfisher" */;
			productName = Kingfisher;
		};
		B05BE8B22D8D72F30067F601 /* ProgressHUD */ = {
			isa = XCSwiftPackageProductDependency;
			package = B05BE8B12D8D72F30067F601 /* XCRemoteSwiftPackageReference "ProgressHUD" */;
			productName = ProgressHUD;
		};
		B05BE8BE2D8D7F120067F601 /* Alamofire */ = {
			isa = XCSwiftPackageProductDependency;
			package = B05BE8BD2D8D7F120067F601 /* XCRemoteSwiftPackageReference "Alamofire" */;
			productName = Alamofire;
		};
		B05BE8C02D8D7F120067F601 /* AlamofireDynamic */ = {
			isa = XCSwiftPackageProductDependency;
			package = B05BE8BD2D8D7F120067F601 /* XCRemoteSwiftPackageReference "Alamofire" */;
			productName = AlamofireDynamic;
		};
/* End XCSwiftPackageProductDependency section */
	};
	rootObject = B05BE8852D8D6F330067F601 /* Project object */;
}
